{
  "name": "05_05_task",
  "lockfileVersion": 3,
  "requires": true,
  "packages": {
    "": {
      "name": "05_05_task",
      "dependencies": {
        "agent-browser": "^0.23.1"
      }
    },
    "node_modules/agent-browser": {
      "version": "0.23.4",
      "resolved": "https://registry.npmjs.org/agent-browser/-/agent-browser-0.23.4.tgz",
      "integrity": "sha512-FSCjFL+szDz/oWkBv80WnRJyISXD101ePeB8ReuaeGCF5VaiKTrLHccyCeXI8j+DMG6Gt3VU9E0OHvRXKaA+XA==",
      "hasInstallScript": true,
      "license": "Apache-2.0",
      "bin": {
        "agent-browser": "bin/agent-browser.js"
      }
    }
  }
}
