{
  "name": "04_01_task",
  "version": "1.0.0",
  "lockfileVersion": 3,
  "requires": true,
  "packages": {
    "": {
      "name": "04_01_task",
      "version": "1.0.0",
      "license": "ISC",
      "dependencies": {
        "agent-browser": "^0.23.1"
      }
    },
    "node_modules/agent-browser": {
      "version": "0.23.1",
      "resolved": "https://registry.npmjs.org/agent-browser/-/agent-browser-0.23.1.tgz",
      "integrity": "sha512-HEq6VVOSfpkS6le3hEyZzGIWTj68j6exX2tCmTsjLcETUTjAaXO20gAtn0Hz/4Vm/+km+R5mtnPecQUo3jqWQg==",
      "hasInstallScript": true,
      "license": "Apache-2.0",
      "bin": {
        "agent-browser": "bin/agent-browser.js"
      }
    }
  }
}
